
Microsoft Visual Studio Solution File, Format Version 12.00
# Visual Studio Version 17
VisualStudioVersion = 17.5.33530.505
MinimumVisualStudioVersion = 10.0.40219.1
Project("{FAE04EC0-301F-11D3-BF4B-00C04F79EFBC}") = "Entidades", "Entidades\Entidades.csproj", "{136789E2-8B8D-43AB-A9B4-30A21624B30C}"
EndProject
Global
	GlobalSection(SolutionConfigurationPlatforms) = preSolution
		Debug|Any CPU = Debug|Any CPU
		Release|Any CPU = Release|Any CPU
	EndGlobalSection
	GlobalSection(ProjectConfigurationPlatforms) = postSolution
		{136789E2-8B8D-43AB-A9B4-30A21624B30C}.Debug|Any CPU.ActiveCfg = Debug|Any CPU
		{136789E2-8B8D-43AB-A9B4-30A21624B30C}.Debug|Any CPU.Build.0 = Debug|Any CPU
		{136789E2-8B8D-43AB-A9B4-30A21624B30C}.Release|Any CPU.ActiveCfg = Release|Any CPU
		{136789E2-8B8D-43AB-A9B4-30A21624B30C}.Release|Any CPU.Build.0 = Release|Any CPU
	EndGlobalSection
	GlobalSection(SolutionProperties) = preSolution
		HideSolutionNode = FALSE
	EndGlobalSection
	GlobalSection(ExtensibilityGlobals) = postSolution
		SolutionGuid = {3C24AF63-C05A-4CC5-8A20-EFC220FAC5A9}
	EndGlobalSection
EndGlobal
